
Microsoft Visual Studio Solution File, Format Version 12.00
# Visual Studio 15
VisualStudioVersion = 15.0.28307.1340
MinimumVisualStudioVersion = 10.0.40219.1
Project("{FAE04EC0-301F-11D3-BF4B-00C04F79EFBC}") = "App1.Android", "App1\App1.Android\App1.Android.csproj", "{10EDA872-1742-48AB-8A65-55A155F244B1}"
EndProject
Project("{FAE04EC0-301F-11D3-BF4B-00C04F79EFBC}") = "App1.iOS", "App1\App1.iOS\App1.iOS.csproj", "{792FC9C8-FCAF-4DC3-B167-8EEED34AC394}"
EndProject
Project("{FAE04EC0-301F-11D3-BF4B-00C04F79EFBC}") = "App1", "App1\App1\App1.csproj", "{656C4571-29A9-4A43-976B-1675D76F7AA4}"
EndProject
Global
	GlobalSection(SolutionConfigurationPlatforms) = preSolution
		Ad-Hoc|Any CPU = Ad-Hoc|Any CPU
		Ad-Hoc|iPhone = Ad-Hoc|iPhone
		Ad-Hoc|iPhoneSimulator = Ad-Hoc|iPhoneSimulator
		AppStore|Any CPU = AppStore|Any CPU
		AppStore|iPhone = AppStore|iPhone
		AppStore|iPhoneSimulator = AppStore|iPhoneSimulator
		Debug|Any CPU = Debug|Any CPU
		Debug|iPhone = Debug|iPhone
		Debug|iPhoneSimulator = Debug|iPhoneSimulator
		Release|Any CPU = Release|Any CPU
		Release|iPhone = Release|iPhone
		Release|iPhoneSimulator = Release|iPhoneSimulator
	EndGlobalSection
	GlobalSection(ProjectConfigurationPlatforms) = postSolution
		{10EDA872-1742-48AB-8A65-55A155F244B1}.Ad-Hoc|Any CPU.ActiveCfg = Release|Any CPU
		{10EDA872-1742-48AB-8A65-55A155F244B1}.Ad-Hoc|Any CPU.Build.0 = Release|Any CPU
		{10EDA872-1742-48AB-8A65-55A155F244B1}.Ad-Hoc|Any CPU.Deploy.0 = Release|Any CPU
		{10EDA872-1742-48AB-8A65-55A155F244B1}.Ad-Hoc|iPhone.ActiveCfg = Release|Any CPU
		{10EDA872-1742-48AB-8A65-55A155F244B1}.Ad-Hoc|iPhone.Build.0 = Release|Any CPU
		{10EDA872-1742-48AB-8A65-55A155F244B1}.Ad-Hoc|iPhone.Deploy.0 = Release|Any CPU
		{10EDA872-1742-48AB-8A65-55A155F244B1}.Ad-Hoc|iPhoneSimulator.ActiveCfg = Release|Any CPU
		{10EDA872-1742-48AB-8A65-55A155F244B1}.Ad-Hoc|iPhoneSimulator.Build.0 = Release|Any CPU
		{10EDA872-1742-48AB-8A65-55A155F244B1}.Ad-Hoc|iPhoneSimulator.Deploy.0 = Release|Any CPU
		{10EDA872-1742-48AB-8A65-55A155F244B1}.AppStore|Any CPU.ActiveCfg = Release|Any CPU
		{10EDA872-1742-48AB-8A65-55A155F244B1}.AppStore|Any CPU.Build.0 = Release|Any CPU
		{10EDA872-1742-48AB-8A65-55A155F244B1}.AppStore|Any CPU.Deploy.0 = Release|Any CPU
		{10EDA872-1742-48AB-8A65-55A155F244B1}.AppStore|iPhone.ActiveCfg = Release|Any CPU
		{10EDA872-1742-48AB-8A65-55A155F244B1}.AppStore|iPhone.Build.0 = Release|Any CPU
		{10EDA872-1742-48AB-8A65-55A155F244B1}.AppStore|iPhone.Deploy.0 = Release|Any CPU
		{10EDA872-1742-48AB-8A65-55A155F244B1}.AppStore|iPhoneSimulator.ActiveCfg = Release|Any CPU
		{10EDA872-1742-48AB-8A65-55A155F244B1}.AppStore|iPhoneSimulator.Build.0 = Release|Any CPU
		{10EDA872-1742-48AB-8A65-55A155F244B1}.AppStore|iPhoneSimulator.Deploy.0 = Release|Any CPU
		{10EDA872-1742-48AB-8A65-55A155F244B1}.Debug|Any CPU.ActiveCfg = Debug|Any CPU
		{10EDA872-1742-48AB-8A65-55A155F244B1}.Debug|Any CPU.Build.0 = Debug|Any CPU
		{10EDA872-1742-48AB-8A65-55A155F244B1}.Debug|Any CPU.Deploy.0 = Debug|Any CPU
		{10EDA872-1742-48AB-8A65-55A155F244B1}.Debug|iPhone.ActiveCfg = Debug|Any CPU
		{10EDA872-1742-48AB-8A65-55A155F244B1}.Debug|iPhone.Build.0 = Debug|Any CPU
		{10EDA872-1742-48AB-8A65-55A155F244B1}.Debug|iPhone.Deploy.0 = Debug|Any CPU
		{10EDA872-1742-48AB-8A65-55A155F244B1}.Debug|iPhoneSimulator.ActiveCfg = Debug|Any CPU
		{10EDA872-1742-48AB-8A65-55A155F244B1}.Debug|iPhoneSimulator.Build.0 = Debug|Any CPU
		{10EDA872-1742-48AB-8A65-55A155F244B1}.Debug|iPhoneSimulator.Deploy.0 = Debug|Any CPU
		{10EDA872-1742-48AB-8A65-55A155F244B1}.Release|Any CPU.ActiveCfg = Release|Any CPU
		{10EDA872-1742-48AB-8A65-55A155F244B1}.Release|Any CPU.Build.0 = Release|Any CPU
		{10EDA872-1742-48AB-8A65-55A155F244B1}.Release|Any CPU.Deploy.0 = Release|Any CPU
		{10EDA872-1742-48AB-8A65-55A155F244B1}.Release|iPhone.ActiveCfg = Release|Any CPU
		{10EDA872-1742-48AB-8A65-55A155F244B1}.Release|iPhone.Build.0 = Release|Any CPU
		{10EDA872-1742-48AB-8A65-55A155F244B1}.Release|iPhone.Deploy.0 = Release|Any CPU
		{10EDA872-1742-48AB-8A65-55A155F244B1}.Release|iPhoneSimulator.ActiveCfg = Release|Any CPU
		{10EDA872-1742-48AB-8A65-55A155F244B1}.Release|iPhoneSimulator.Build.0 = Release|Any CPU
		{10EDA872-1742-48AB-8A65-55A155F244B1}.Release|iPhoneSimulator.Deploy.0 = Release|Any CPU
		{792FC9C8-FCAF-4DC3-B167-8EEED34AC394}.Ad-Hoc|Any CPU.ActiveCfg = Ad-Hoc|iPhone
		{792FC9C8-FCAF-4DC3-B167-8EEED34AC394}.Ad-Hoc|Any CPU.Build.0 = Ad-Hoc|iPhone
		{792FC9C8-FCAF-4DC3-B167-8EEED34AC394}.Ad-Hoc|Any CPU.Deploy.0 = Ad-Hoc|iPhone
		{792FC9C8-FCAF-4DC3-B167-8EEED34AC394}.Ad-Hoc|iPhone.ActiveCfg = Ad-Hoc|iPhone
		{792FC9C8-FCAF-4DC3-B167-8EEED34AC394}.Ad-Hoc|iPhone.Build.0 = Ad-Hoc|iPhone
		{792FC9C8-FCAF-4DC3-B167-8EEED34AC394}.Ad-Hoc|iPhone.Deploy.0 = Ad-Hoc|iPhone
		{792FC9C8-FCAF-4DC3-B167-8EEED34AC394}.Ad-Hoc|iPhoneSimulator.ActiveCfg = Ad-Hoc|iPhoneSimulator
		{792FC9C8-FCAF-4DC3-B167-8EEED34AC394}.Ad-Hoc|iPhoneSimulator.Build.0 = Ad-Hoc|iPhoneSimulator
		{792FC9C8-FCAF-4DC3-B167-8EEED34AC394}.Ad-Hoc|iPhoneSimulator.Deploy.0 = Ad-Hoc|iPhoneSimulator
		{792FC9C8-FCAF-4DC3-B167-8EEED34AC394}.AppStore|Any CPU.ActiveCfg = AppStore|iPhone
		{792FC9C8-FCAF-4DC3-B167-8EEED34AC394}.AppStore|Any CPU.Build.0 = AppStore|iPhone
		{792FC9C8-FCAF-4DC3-B167-8EEED34AC394}.AppStore|Any CPU.Deploy.0 = AppStore|iPhone
		{792FC9C8-FCAF-4DC3-B167-8EEED34AC394}.AppStore|iPhone.ActiveCfg = AppStore|iPhone
		{792FC9C8-FCAF-4DC3-B167-8EEED34AC394}.AppStore|iPhone.Build.0 = AppStore|iPhone
		{792FC9C8-FCAF-4DC3-B167-8EEED34AC394}.AppStore|iPhone.Deploy.0 = AppStore|iPhone
		{792FC9C8-FCAF-4DC3-B167-8EEED34AC394}.AppStore|iPhoneSimulator.ActiveCfg = AppStore|iPhoneSimulator
		{792FC9C8-FCAF-4DC3-B167-8EEED34AC394}.AppStore|iPhoneSimulator.Build.0 = AppStore|iPhoneSimulator
		{792FC9C8-FCAF-4DC3-B167-8EEED34AC394}.AppStore|iPhoneSimulator.Deploy.0 = AppStore|iPhoneSimulator
		{792FC9C8-FCAF-4DC3-B167-8EEED34AC394}.Debug|Any CPU.ActiveCfg = Debug|iPhoneSimulator
		{792FC9C8-FCAF-4DC3-B167-8EEED34AC394}.Debug|Any CPU.Build.0 = Debug|iPhoneSimulator
		{792FC9C8-FCAF-4DC3-B167-8EEED34AC394}.Debug|Any CPU.Deploy.0 = Debug|iPhoneSimulator
		{792FC9C8-FCAF-4DC3-B167-8EEED34AC394}.Debug|iPhone.ActiveCfg = Debug|iPhone
		{792FC9C8-FCAF-4DC3-B167-8EEED34AC394}.Debug|iPhone.Build.0 = Debug|iPhone
		{792FC9C8-FCAF-4DC3-B167-8EEED34AC394}.Debug|iPhone.Deploy.0 = Debug|iPhone
		{792FC9C8-FCAF-4DC3-B167-8EEED34AC394}.Debug|iPhoneSimulator.ActiveCfg = Debug|iPhoneSimulator
		{792FC9C8-FCAF-4DC3-B167-8EEED34AC394}.Debug|iPhoneSimulator.Build.0 = Debug|iPhoneSimulator
		{792FC9C8-FCAF-4DC3-B167-8EEED34AC394}.Debug|iPhoneSimulator.Deploy.0 = Debug|iPhoneSimulator
		{792FC9C8-FCAF-4DC3-B167-8EEED34AC394}.Release|Any CPU.ActiveCfg = Release|iPhone
		{792FC9C8-FCAF-4DC3-B167-8EEED34AC394}.Release|Any CPU.Build.0 = Release|iPhone
		{792FC9C8-FCAF-4DC3-B167-8EEED34AC394}.Release|Any CPU.Deploy.0 = Release|iPhone
		{792FC9C8-FCAF-4DC3-B167-8EEED34AC394}.Release|iPhone.ActiveCfg = Release|iPhone
		{792FC9C8-FCAF-4DC3-B167-8EEED34AC394}.Release|iPhone.Build.0 = Release|iPhone
		{792FC9C8-FCAF-4DC3-B167-8EEED34AC394}.Release|iPhone.Deploy.0 = Release|iPhone
		{792FC9C8-FCAF-4DC3-B167-8EEED34AC394}.Release|iPhoneSimulator.ActiveCfg = Release|iPhoneSimulator
		{792FC9C8-FCAF-4DC3-B167-8EEED34AC394}.Release|iPhoneSimulator.Build.0 = Release|iPhoneSimulator
		{792FC9C8-FCAF-4DC3-B167-8EEED34AC394}.Release|iPhoneSimulator.Deploy.0 = Release|iPhoneSimulator
		{656C4571-29A9-4A43-976B-1675D76F7AA4}.Ad-Hoc|Any CPU.ActiveCfg = Debug|Any CPU
		{656C4571-29A9-4A43-976B-1675D76F7AA4}.Ad-Hoc|Any CPU.Build.0 = Debug|Any CPU
		{656C4571-29A9-4A43-976B-1675D76F7AA4}.Ad-Hoc|Any CPU.Deploy.0 = Debug|Any CPU
		{656C4571-29A9-4A43-976B-1675D76F7AA4}.Ad-Hoc|iPhone.ActiveCfg = Debug|Any CPU
		{656C4571-29A9-4A43-976B-1675D76F7AA4}.Ad-Hoc|iPhone.Build.0 = Debug|Any CPU
		{656C4571-29A9-4A43-976B-1675D76F7AA4}.Ad-Hoc|iPhone.Deploy.0 = Debug|Any CPU
		{656C4571-29A9-4A43-976B-1675D76F7AA4}.Ad-Hoc|iPhoneSimulator.ActiveCfg = Debug|Any CPU
		{656C4571-29A9-4A43-976B-1675D76F7AA4}.Ad-Hoc|iPhoneSimulator.Build.0 = Debug|Any CPU
		{656C4571-29A9-4A43-976B-1675D76F7AA4}.Ad-Hoc|iPhoneSimulator.Deploy.0 = Debug|Any CPU
		{656C4571-29A9-4A43-976B-1675D76F7AA4}.AppStore|Any CPU.ActiveCfg = Debug|Any CPU
		{656C4571-29A9-4A43-976B-1675D76F7AA4}.AppStore|Any CPU.Build.0 = Debug|Any CPU
		{656C4571-29A9-4A43-976B-1675D76F7AA4}.AppStore|Any CPU.Deploy.0 = Debug|Any CPU
		{656C4571-29A9-4A43-976B-1675D76F7AA4}.AppStore|iPhone.ActiveCfg = Debug|Any CPU
		{656C4571-29A9-4A43-976B-1675D76F7AA4}.AppStore|iPhone.Build.0 = Debug|Any CPU
		{656C4571-29A9-4A43-976B-1675D76F7AA4}.AppStore|iPhone.Deploy.0 = Debug|Any CPU
		{656C4571-29A9-4A43-976B-1675D76F7AA4}.AppStore|iPhoneSimulator.ActiveCfg = Debug|Any CPU
		{656C4571-29A9-4A43-976B-1675D76F7AA4}.AppStore|iPhoneSimulator.Build.0 = Debug|Any CPU
		{656C4571-29A9-4A43-976B-1675D76F7AA4}.AppStore|iPhoneSimulator.Deploy.0 = Debug|Any CPU
		{656C4571-29A9-4A43-976B-1675D76F7AA4}.Debug|Any CPU.ActiveCfg = Debug|Any CPU
		{656C4571-29A9-4A43-976B-1675D76F7AA4}.Debug|Any CPU.Build.0 = Debug|Any CPU
		{656C4571-29A9-4A43-976B-1675D76F7AA4}.Debug|Any CPU.Deploy.0 = Debug|Any CPU
		{656C4571-29A9-4A43-976B-1675D76F7AA4}.Debug|iPhone.ActiveCfg = Debug|Any CPU
		{656C4571-29A9-4A43-976B-1675D76F7AA4}.Debug|iPhone.Build.0 = Debug|Any CPU
		{656C4571-29A9-4A43-976B-1675D76F7AA4}.Debug|iPhone.Deploy.0 = Debug|Any CPU
		{656C4571-29A9-4A43-976B-1675D76F7AA4}.Debug|iPhoneSimulator.ActiveCfg = Debug|Any CPU
		{656C4571-29A9-4A43-976B-1675D76F7AA4}.Debug|iPhoneSimulator.Build.0 = Debug|Any CPU
		{656C4571-29A9-4A43-976B-1675D76F7AA4}.Debug|iPhoneSimulator.Deploy.0 = Debug|Any CPU
		{656C4571-29A9-4A43-976B-1675D76F7AA4}.Release|Any CPU.ActiveCfg = Release|Any CPU
		{656C4571-29A9-4A43-976B-1675D76F7AA4}.Release|Any CPU.Build.0 = Release|Any CPU
		{656C4571-29A9-4A43-976B-1675D76F7AA4}.Release|Any CPU.Deploy.0 = Release|Any CPU
		{656C4571-29A9-4A43-976B-1675D76F7AA4}.Release|iPhone.ActiveCfg = Release|Any CPU
		{656C4571-29A9-4A43-976B-1675D76F7AA4}.Release|iPhone.Build.0 = Release|Any CPU
		{656C4571-29A9-4A43-976B-1675D76F7AA4}.Release|iPhone.Deploy.0 = Release|Any CPU
		{656C4571-29A9-4A43-976B-1675D76F7AA4}.Release|iPhoneSimulator.ActiveCfg = Release|Any CPU
		{656C4571-29A9-4A43-976B-1675D76F7AA4}.Release|iPhoneSimulator.Build.0 = Release|Any CPU
		{656C4571-29A9-4A43-976B-1675D76F7AA4}.Release|iPhoneSimulator.Deploy.0 = Release|Any CPU
	EndGlobalSection
	GlobalSection(SolutionProperties) = preSolution
		HideSolutionNode = FALSE
	EndGlobalSection
	GlobalSection(ExtensibilityGlobals) = postSolution
		SolutionGuid = {E0DCE2E1-7D7F-460A-A43C-EFE045D8F430}
	EndGlobalSection
EndGlobal
